
Microsoft Visual Studio Solution File, Format Version 12.00
# Visual Studio Version 17
VisualStudioVersion = 17.14.37516.0 d17.14
MinimumVisualStudioVersion = 10.0.40219.1
Project("{FAE04EC0-301F-11D3-BF4B-00C04F79EFBC}") = "FormHerdado", "FormHerdado\FormHerdado.csproj", "{B8F5DE91-1A93-433C-A38A-79B16166AFEF}"
EndProject
Global
	GlobalSection(SolutionConfigurationPlatforms) = preSolution
		Debug|Any CPU = Debug|Any CPU
		Release|Any CPU = Release|Any CPU
	EndGlobalSection
	GlobalSection(ProjectConfigurationPlatforms) = postSolution
		{B8F5DE91-1A93-433C-A38A-79B16166AFEF}.Debug|Any CPU.ActiveCfg = Debug|Any CPU
		{B8F5DE91-1A93-433C-A38A-79B16166AFEF}.Debug|Any CPU.Build.0 = Debug|Any CPU
		{B8F5DE91-1A93-433C-A38A-79B16166AFEF}.Release|Any CPU.ActiveCfg = Release|Any CPU
		{B8F5DE91-1A93-433C-A38A-79B16166AFEF}.Release|Any CPU.Build.0 = Release|Any CPU
	EndGlobalSection
	GlobalSection(SolutionProperties) = preSolution
		HideSolutionNode = FALSE
	EndGlobalSection
	GlobalSection(ExtensibilityGlobals) = postSolution
		SolutionGuid = {F2528574-7C19-4435-9C8E-06A5DA786219}
	EndGlobalSection
EndGlobal
