
Microsoft Visual Studio Solution File, Format Version 12.00
# Visual Studio Version 16
VisualStudioVersion = 16.0.30503.244
MinimumVisualStudioVersion = 10.0.40219.1
Project("{FAE04EC0-301F-11D3-BF4B-00C04F79EFBC}") = "EncapsulamentoExercicios", "EncapsulamentoExercicios.csproj", "{9C855B32-40F2-424D-A4B1-BD4CF007C092}"
EndProject
Global
	GlobalSection(SolutionConfigurationPlatforms) = preSolution
		Debug|Any CPU = Debug|Any CPU
		Release|Any CPU = Release|Any CPU
	EndGlobalSection
	GlobalSection(ProjectConfigurationPlatforms) = postSolution
		{9C855B32-40F2-424D-A4B1-BD4CF007C092}.Debug|Any CPU.ActiveCfg = Debug|Any CPU
		{9C855B32-40F2-424D-A4B1-BD4CF007C092}.Debug|Any CPU.Build.0 = Debug|Any CPU
		{9C855B32-40F2-424D-A4B1-BD4CF007C092}.Release|Any CPU.ActiveCfg = Release|Any CPU
		{9C855B32-40F2-424D-A4B1-BD4CF007C092}.Release|Any CPU.Build.0 = Release|Any CPU
	EndGlobalSection
	GlobalSection(SolutionProperties) = preSolution
		HideSolutionNode = FALSE
	EndGlobalSection
	GlobalSection(ExtensibilityGlobals) = postSolution
		SolutionGuid = {EAF42FBB-4D2A-4816-9A3E-DCF3DB68C11D}
	EndGlobalSection
EndGlobal
