
Microsoft Visual Studio Solution File, Format Version 12.00
# Visual Studio Version 17
VisualStudioVersion = 17.14.36623.8 d17.14
MinimumVisualStudioVersion = 10.0.40219.1
Project("{FAE04EC0-301F-11D3-BF4B-00C04F79EFBC}") = "ImprimeArgumentos", "ImprimeArgumentos.csproj", "{0BE7E546-B1C1-4333-B098-38387DE52319}"
EndProject
Global
	GlobalSection(SolutionConfigurationPlatforms) = preSolution
		Debug|Any CPU = Debug|Any CPU
		Release|Any CPU = Release|Any CPU
	EndGlobalSection
	GlobalSection(ProjectConfigurationPlatforms) = postSolution
		{0BE7E546-B1C1-4333-B098-38387DE52319}.Debug|Any CPU.ActiveCfg = Debug|Any CPU
		{0BE7E546-B1C1-4333-B098-38387DE52319}.Debug|Any CPU.Build.0 = Debug|Any CPU
		{0BE7E546-B1C1-4333-B098-38387DE52319}.Release|Any CPU.ActiveCfg = Release|Any CPU
		{0BE7E546-B1C1-4333-B098-38387DE52319}.Release|Any CPU.Build.0 = Release|Any CPU
	EndGlobalSection
	GlobalSection(SolutionProperties) = preSolution
		HideSolutionNode = FALSE
	EndGlobalSection
	GlobalSection(ExtensibilityGlobals) = postSolution
		SolutionGuid = {6E5B30DC-AC61-417B-8DBA-2E4F8C88A1AC}
	EndGlobalSection
EndGlobal
