
Microsoft Visual Studio Solution File, Format Version 12.00
# Visual Studio Version 17
VisualStudioVersion = 17.13.35806.99 d17.13
MinimumVisualStudioVersion = 10.0.40219.1
Project("{FAE04EC0-301F-11D3-BF4B-00C04F79EFBC}") = "Visualizador", "Visualizador\Visualizador.csproj", "{856FEEB4-335F-47EF-A71A-6368858406BB}"
EndProject
Global
	GlobalSection(SolutionConfigurationPlatforms) = preSolution
		Debug|Any CPU = Debug|Any CPU
		Release|Any CPU = Release|Any CPU
	EndGlobalSection
	GlobalSection(ProjectConfigurationPlatforms) = postSolution
		{856FEEB4-335F-47EF-A71A-6368858406BB}.Debug|Any CPU.ActiveCfg = Debug|Any CPU
		{856FEEB4-335F-47EF-A71A-6368858406BB}.Debug|Any CPU.Build.0 = Debug|Any CPU
		{856FEEB4-335F-47EF-A71A-6368858406BB}.Release|Any CPU.ActiveCfg = Release|Any CPU
		{856FEEB4-335F-47EF-A71A-6368858406BB}.Release|Any CPU.Build.0 = Release|Any CPU
	EndGlobalSection
	GlobalSection(SolutionProperties) = preSolution
		HideSolutionNode = FALSE
	EndGlobalSection
	GlobalSection(ExtensibilityGlobals) = postSolution
		SolutionGuid = {2DCABE91-B130-46E6-ABA9-E11CF26C26BF}
	EndGlobalSection
EndGlobal
